// !$*UTF8*$!
{
	archiveVersion = 1;
	classes = {
	};
	objectVersion = 46;
	objects = {

/* Begin PBXBuildFile section */
		33DEDB2318A202B70080B7DA /* Foundation.framework in Frameworks */ = {isa = PBXBuildFile; fileRef = 33DEDB2218A202B70080B7DA /* Foundation.framework */; };
		33DEDB2518A202B70080B7DA /* CoreGraphics.framework in Frameworks */ = {isa = PBXBuildFile; fileRef = 33DEDB2418A202B70080B7DA /* CoreGraphics.framework */; };
		33DEDB2718A202B70080B7DA /* UIKit.framework in Frameworks */ = {isa = PBXBuildFile; fileRef = 33DEDB2618A202B70080B7DA /* UIKit.framework */; };
		33DEDB2D18A202B70080B7DA /* InfoPlist.strings in Resources */ = {isa = PBXBuildFile; fileRef = 33DEDB2B18A202B70080B7DA /* InfoPlist.strings */; };
		33DEDB2F18A202B70080B7DA /* main.m in Sources */ = {isa = PBXBuildFile; fileRef = 33DEDB2E18A202B70080B7DA /* main.m */; };
		33DEDB3318A202B70080B7DA /* AppDelegate.m in Sources */ = {isa = PBXBuildFile; fileRef = 33DEDB3218A202B70080B7DA /* AppDelegate.m */; };
		33DEDB3618A202B70080B7DA /* Main.storyboard in Resources */ = {isa = PBXBuildFile; fileRef = 33DEDB3418A202B70080B7DA /* Main.storyboard */; };
		33DEDB3918A202B70080B7DA /* ViewController.m in Sources */ = {isa = PBXBuildFile; fileRef = 33DEDB3818A202B70080B7DA /* ViewController.m */; };
		33DEDB3B18A202B70080B7DA /* Images.xcassets in Resources */ = {isa = PBXBuildFile; fileRef = 33DEDB3A18A202B70080B7DA /* Images.xcassets */; };
		33DEDB4218A202B70080B7DA /* XCTest.framework in Frameworks */ = {isa = PBXBuildFile; fileRef = 33DEDB4118A202B70080B7DA /* XCTest.framework */; };
		33DEDB4318A202B70080B7DA /* Foundation.framework in Frameworks */ = {isa = PBXBuildFile; fileRef = 33DEDB2218A202B70080B7DA /* Foundation.framework */; };
		33DEDB4418A202B70080B7DA /* UIKit.framework in Frameworks */ = {isa = PBXBuildFile; fileRef = 33DEDB2618A202B70080B7DA /* UIKit.framework */; };
		33DEDB4C18A202B70080B7DA /* InfoPlist.strings in Resources */ = {isa = PBXBuildFile; fileRef = 33DEDB4A18A202B70080B7DA /* InfoPlist.strings */; };
		33DEDB4E18A202B70080B7DA /* GravitySnapsTests.m in Sources */ = {isa = PBXBuildFile; fileRef = 33DEDB4D18A202B70080B7DA /* GravitySnapsTests.m */; };
		33DEDB5818A202CA0080B7DA /* image.png in Resources */ = {isa = PBXBuildFile; fileRef = 33DEDB5718A202CA0080B7DA /* image.png */; };
/* End PBXBuildFile section */

/* Begin PBXContainerItemProxy section */
		33DEDB4518A202B70080B7DA /* PBXContainerItemProxy */ = {
			isa = PBXContainerItemProxy;
			containerPortal = 33DEDB1718A202B70080B7DA /* Project object */;
			proxyType = 1;
			remoteGlobalIDString = 33DEDB1E18A202B70080B7DA;
			remoteInfo = GravitySnaps;
		};
/* End PBXContainerItemProxy section */

/* Begin PBXFileReference section */
		33DEDB1F18A202B70080B7DA /* GravitySnaps.app */ = {isa = PBXFileReference; explicitFileType = wrapper.application; includeInIndex = 0; path = GravitySnaps.app; sourceTree = BUILT_PRODUCTS_DIR; };
		33DEDB2218A202B70080B7DA /* Foundation.framework */ = {isa = PBXFileReference; lastKnownFileType = wrapper.framework; name = Foundation.framework; path = System/Library/Frameworks/Foundation.framework; sourceTree = SDKROOT; };
		33DEDB2418A202B70080B7DA /* CoreGraphics.framework */ = {isa = PBXFileReference; lastKnownFileType = wrapper.framework; name = CoreGraphics.framework; path = System/Library/Frameworks/CoreGraphics.framework; sourceTree = SDKROOT; };
		33DEDB2618A202B70080B7DA /* UIKit.framework */ = {isa = PBXFileReference; lastKnownFileType = wrapper.framework; name = UIKit.framework; path = System/Library/Frameworks/UIKit.framework; sourceTree = SDKROOT; };
		33DEDB2A18A202B70080B7DA /* GravitySnaps-Info.plist */ = {isa = PBXFileReference; lastKnownFileType = text.plist.xml; path = "GravitySnaps-Info.plist"; sourceTree = "<group>"; };
		33DEDB2C18A202B70080B7DA /* en */ = {isa = PBXFileReference; lastKnownFileType = text.plist.strings; name = en; path = en.lproj/InfoPlist.strings; sourceTree = "<group>"; };
		33DEDB2E18A202B70080B7DA /* main.m */ = {isa = PBXFileReference; lastKnownFileType = sourcecode.c.objc; path = main.m; sourceTree = "<group>"; };
		33DEDB3018A202B70080B7DA /* GravitySnaps-Prefix.pch */ = {isa = PBXFileReference; lastKnownFileType = sourcecode.c.h; path = "GravitySnaps-Prefix.pch"; sourceTree = "<group>"; };
		33DEDB3118A202B70080B7DA /* AppDelegate.h */ = {isa = PBXFileReference; lastKnownFileType = sourcecode.c.h; path = AppDelegate.h; sourceTree = "<group>"; };
		33DEDB3218A202B70080B7DA /* AppDelegate.m */ = {isa = PBXFileReference; lastKnownFileType = sourcecode.c.objc; path = AppDelegate.m; sourceTree = "<group>"; };
		33DEDB3518A202B70080B7DA /* Base */ = {isa = PBXFileReference; lastKnownFileType = file.storyboard; name = Base; path = Base.lproj/Main.storyboard; sourceTree = "<group>"; };
		33DEDB3718A202B70080B7DA /* ViewController.h */ = {isa = PBXFileReference; lastKnownFileType = sourcecode.c.h; path = ViewController.h; sourceTree = "<group>"; };
		33DEDB3818A202B70080B7DA /* ViewController.m */ = {isa = PBXFileReference; lastKnownFileType = sourcecode.c.objc; path = ViewController.m; sourceTree = "<group>"; };
		33DEDB3A18A202B70080B7DA /* Images.xcassets */ = {isa = PBXFileReference; lastKnownFileType = folder.assetcatalog; path = Images.xcassets; sourceTree = "<group>"; };
		33DEDB4018A202B70080B7DA /* GravitySnapsTests.xctest */ = {isa = PBXFileReference; explicitFileType = wrapper.cfbundle; includeInIndex = 0; path = GravitySnapsTests.xctest; sourceTree = BUILT_PRODUCTS_DIR; };
		33DEDB4118A202B70080B7DA /* XCTest.framework */ = {isa = PBXFileReference; lastKnownFileType = wrapper.framework; name = XCTest.framework; path = Library/Frameworks/XCTest.framework; sourceTree = DEVELOPER_DIR; };
		33DEDB4918A202B70080B7DA /* GravitySnapsTests-Info.plist */ = {isa = PBXFileReference; lastKnownFileType = text.plist.xml; path = "GravitySnapsTests-Info.plist"; sourceTree = "<group>"; };
		33DEDB4B18A202B70080B7DA /* en */ = {isa = PBXFileReference; lastKnownFileType = text.plist.strings; name = en; path = en.lproj/InfoPlist.strings; sourceTree = "<group>"; };
		33DEDB4D18A202B70080B7DA /* GravitySnapsTests.m */ = {isa = PBXFileReference; lastKnownFileType = sourcecode.c.objc; path = GravitySnapsTests.m; sourceTree = "<group>"; };
		33DEDB5718A202CA0080B7DA /* image.png */ = {isa = PBXFileReference; lastKnownFileType = image.png; path = image.png; sourceTree = "<group>"; };
/* End PBXFileReference section */

/* Begin PBXFrameworksBuildPhase section */
		33DEDB1C18A202B70080B7DA /* Frameworks */ = {
			isa = PBXFrameworksBuildPhase;
			buildActionMask = 2147483647;
			files = (
				33DEDB2518A202B70080B7DA /* CoreGraphics.framework in Frameworks */,
				33DEDB2718A202B70080B7DA /* UIKit.framework in Frameworks */,
				33DEDB2318A202B70080B7DA /* Foundation.framework in Frameworks */,
			);
			runOnlyForDeploymentPostprocessing = 0;
		};
		33DEDB3D18A202B70080B7DA /* Frameworks */ = {
			isa = PBXFrameworksBuildPhase;
			buildActionMask = 2147483647;
			files = (
				33DEDB4218A202B70080B7DA /* XCTest.framework in Frameworks */,
				33DEDB4418A202B70080B7DA /* UIKit.framework in Frameworks */,
				33DEDB4318A202B70080B7DA /* Foundation.framework in Frameworks */,
			);
			runOnlyForDeploymentPostprocessing = 0;
		};
/* End PBXFrameworksBuildPhase section */

/* Begin PBXGroup section */
		33DEDB1618A202B70080B7DA = {
			isa = PBXGroup;
			children = (
				33DEDB2818A202B70080B7DA /* GravitySnaps */,
				33DEDB4718A202B70080B7DA /* GravitySnapsTests */,
				33DEDB2118A202B70080B7DA /* Frameworks */,
				33DEDB2018A202B70080B7DA /* Products */,
			);
			sourceTree = "<group>";
		};
		33DEDB2018A202B70080B7DA /* Products */ = {
			isa = PBXGroup;
			children = (
				33DEDB1F18A202B70080B7DA /* GravitySnaps.app */,
				33DEDB4018A202B70080B7DA /* GravitySnapsTests.xctest */,
			);
			name = Products;
			sourceTree = "<group>";
		};
		33DEDB2118A202B70080B7DA /* Frameworks */ = {
			isa = PBXGroup;
			children = (
				33DEDB2218A202B70080B7DA /* Foundation.framework */,
				33DEDB2418A202B70080B7DA /* CoreGraphics.framework */,
				33DEDB2618A202B70080B7DA /* UIKit.framework */,
				33DEDB4118A202B70080B7DA /* XCTest.framework */,
			);
			name = Frameworks;
			sourceTree = "<group>";
		};
		33DEDB2818A202B70080B7DA /* GravitySnaps */ = {
			isa = PBXGroup;
			children = (
				33DEDB3118A202B70080B7DA /* AppDelegate.h */,
				33DEDB3218A202B70080B7DA /* AppDelegate.m */,
				33DEDB3418A202B70080B7DA /* Main.storyboard */,
				33DEDB3718A202B70080B7DA /* ViewController.h */,
				33DEDB3818A202B70080B7DA /* ViewController.m */,
				33DEDB3A18A202B70080B7DA /* Images.xcassets */,
				33DEDB5718A202CA0080B7DA /* image.png */,
				33DEDB2918A202B70080B7DA /* Supporting Files */,
			);
			path = GravitySnaps;
			sourceTree = "<group>";
		};
		33DEDB2918A202B70080B7DA /* Supporting Files */ = {
			isa = PBXGroup;
			children = (
				33DEDB2A18A202B70080B7DA /* GravitySnaps-Info.plist */,
				33DEDB2B18A202B70080B7DA /* InfoPlist.strings */,
				33DEDB2E18A202B70080B7DA /* main.m */,
				33DEDB3018A202B70080B7DA /* GravitySnaps-Prefix.pch */,
			);
			name = "Supporting Files";
			sourceTree = "<group>";
		};
		33DEDB4718A202B70080B7DA /* GravitySnapsTests */ = {
			isa = PBXGroup;
			children = (
				33DEDB4D18A202B70080B7DA /* GravitySnapsTests.m */,
				33DEDB4818A202B70080B7DA /* Supporting Files */,
			);
			path = GravitySnapsTests;
			sourceTree = "<group>";
		};
		33DEDB4818A202B70080B7DA /* Supporting Files */ = {
			isa = PBXGroup;
			children = (
				33DEDB4918A202B70080B7DA /* GravitySnapsTests-Info.plist */,
				33DEDB4A18A202B70080B7DA /* InfoPlist.strings */,
			);
			name = "Supporting Files";
			sourceTree = "<group>";
		};
/* End PBXGroup section */

/* Begin PBXNativeTarget section */
		33DEDB1E18A202B70080B7DA /* GravitySnaps */ = {
			isa = PBXNativeTarget;
			buildConfigurationList = 33DEDB5118A202B70080B7DA /* Build configuration list for PBXNativeTarget "GravitySnaps" */;
			buildPhases = (
				33DEDB1B18A202B70080B7DA /* Sources */,
				33DEDB1C18A202B70080B7DA /* Frameworks */,
				33DEDB1D18A202B70080B7DA /* Resources */,
			);
			buildRules = (
			);
			dependencies = (
			);
			name = GravitySnaps;
			productName = GravitySnaps;
			productReference = 33DEDB1F18A202B70080B7DA /* GravitySnaps.app */;
			productType = "com.apple.product-type.application";
		};
		33DEDB3F18A202B70080B7DA /* GravitySnapsTests */ = {
			isa = PBXNativeTarget;
			buildConfigurationList = 33DEDB5418A202B70080B7DA /* Build configuration list for PBXNativeTarget "GravitySnapsTests" */;
			buildPhases = (
				33DEDB3C18A202B70080B7DA /* Sources */,
				33DEDB3D18A202B70080B7DA /* Frameworks */,
				33DEDB3E18A202B70080B7DA /* Resources */,
			);
			buildRules = (
			);
			dependencies = (
				33DEDB4618A202B70080B7DA /* PBXTargetDependency */,
			);
			name = GravitySnapsTests;
			productName = GravitySnapsTests;
			productReference = 33DEDB4018A202B70080B7DA /* GravitySnapsTests.xctest */;
			productType = "com.apple.product-type.bundle.unit-test";
		};
/* End PBXNativeTarget section */

/* Begin PBXProject section */
		33DEDB1718A202B70080B7DA /* Project object */ = {
			isa = PBXProject;
			attributes = {
				LastUpgradeCheck = 0500;
				ORGANIZATIONNAME = "Tim Nugent";
				TargetAttributes = {
					33DEDB3F18A202B70080B7DA = {
						TestTargetID = 33DEDB1E18A202B70080B7DA;
					};
				};
			};
			buildConfigurationList = 33DEDB1A18A202B70080B7DA /* Build configuration list for PBXProject "GravitySnaps" */;
			compatibilityVersion = "Xcode 3.2";
			developmentRegion = English;
			hasScannedForEncodings = 0;
			knownRegions = (
				en,
				Base,
			);
			mainGroup = 33DEDB1618A202B70080B7DA;
			productRefGroup = 33DEDB2018A202B70080B7DA /* Products */;
			projectDirPath = "";
			projectRoot = "";
			targets = (
				33DEDB1E18A202B70080B7DA /* GravitySnaps */,
				33DEDB3F18A202B70080B7DA /* GravitySnapsTests */,
			);
		};
/* End PBXProject section */

/* Begin PBXResourcesBuildPhase section */
		33DEDB1D18A202B70080B7DA /* Resources */ = {
			isa = PBXResourcesBuildPhase;
			buildActionMask = 2147483647;
			files = (
				33DEDB3B18A202B70080B7DA /* Images.xcassets in Resources */,
				33DEDB2D18A202B70080B7DA /* InfoPlist.strings in Resources */,
				33DEDB3618A202B70080B7DA /* Main.storyboard in Resources */,
				33DEDB5818A202CA0080B7DA /* image.png in Resources */,
			);
			runOnlyForDeploymentPostprocessing = 0;
		};
		33DEDB3E18A202B70080B7DA /* Resources */ = {
			isa = PBXResourcesBuildPhase;
			buildActionMask = 2147483647;
			files = (
				33DEDB4C18A202B70080B7DA /* InfoPlist.strings in Resources */,
			);
			runOnlyForDeploymentPostprocessing = 0;
		};
/* End PBXResourcesBuildPhase section */

/* Begin PBXSourcesBuildPhase section */
		33DEDB1B18A202B70080B7DA /* Sources */ = {
			isa = PBXSourcesBuildPhase;
			buildActionMask = 2147483647;
			files = (
				33DEDB3918A202B70080B7DA /* ViewController.m in Sources */,
				33DEDB3318A202B70080B7DA /* AppDelegate.m in Sources */,
				33DEDB2F18A202B70080B7DA /* main.m in Sources */,
			);
			runOnlyForDeploymentPostprocessing = 0;
		};
		33DEDB3C18A202B70080B7DA /* Sources */ = {
			isa = PBXSourcesBuildPhase;
			buildActionMask = 2147483647;
			files = (
				33DEDB4E18A202B70080B7DA /* GravitySnapsTests.m in Sources */,
			);
			runOnlyForDeploymentPostprocessing = 0;
		};
/* End PBXSourcesBuildPhase section */

/* Begin PBXTargetDependency section */
		33DEDB4618A202B70080B7DA /* PBXTargetDependency */ = {
			isa = PBXTargetDependency;
			target = 33DEDB1E18A202B70080B7DA /* GravitySnaps */;
			targetProxy = 33DEDB4518A202B70080B7DA /* PBXContainerItemProxy */;
		};
/* End PBXTargetDependency section */

/* Begin PBXVariantGroup section */
		33DEDB2B18A202B70080B7DA /* InfoPlist.strings */ = {
			isa = PBXVariantGroup;
			children = (
				33DEDB2C18A202B70080B7DA /* en */,
			);
			name = InfoPlist.strings;
			sourceTree = "<group>";
		};
		33DEDB3418A202B70080B7DA /* Main.storyboard */ = {
			isa = PBXVariantGroup;
			children = (
				33DEDB3518A202B70080B7DA /* Base */,
			);
			name = Main.storyboard;
			sourceTree = "<group>";
		};
		33DEDB4A18A202B70080B7DA /* InfoPlist.strings */ = {
			isa = PBXVariantGroup;
			children = (
				33DEDB4B18A202B70080B7DA /* en */,
			);
			name = InfoPlist.strings;
			sourceTree = "<group>";
		};
/* End PBXVariantGroup section */

/* Begin XCBuildConfiguration section */
		33DEDB4F18A202B70080B7DA /* Debug */ = {
			isa = XCBuildConfiguration;
			buildSettings = {
				ALWAYS_SEARCH_USER_PATHS = NO;
				ARCHS = "$(ARCHS_STANDARD_INCLUDING_64_BIT)";
				CLANG_CXX_LANGUAGE_STANDARD = "gnu++0x";
				CLANG_CXX_LIBRARY = "libc++";
				CLANG_ENABLE_MODULES = YES;
				CLANG_ENABLE_OBJC_ARC = YES;
				CLANG_WARN_BOOL_CONVERSION = YES;
				CLANG_WARN_CONSTANT_CONVERSION = YES;
				CLANG_WARN_DIRECT_OBJC_ISA_USAGE = YES_ERROR;
				CLANG_WARN_EMPTY_BODY = YES;
				CLANG_WARN_ENUM_CONVERSION = YES;
				CLANG_WARN_INT_CONVERSION = YES;
				CLANG_WARN_OBJC_ROOT_CLASS = YES_ERROR;
				CLANG_WARN__DUPLICATE_METHOD_MATCH = YES;
				"CODE_SIGN_IDENTITY[sdk=iphoneos*]" = "iPhone Developer";
				COPY_PHASE_STRIP = NO;
				GCC_C_LANGUAGE_STANDARD = gnu99;
				GCC_DYNAMIC_NO_PIC = NO;
				GCC_OPTIMIZATION_LEVEL = 0;
				GCC_PREPROCESSOR_DEFINITIONS = (
					"DEBUG=1",
					"$(inherited)",
				);
				GCC_SYMBOLS_PRIVATE_EXTERN = NO;
				GCC_WARN_64_TO_32_BIT_CONVERSION = YES;
				GCC_WARN_ABOUT_RETURN_TYPE = YES_ERROR;
				GCC_WARN_UNDECLARED_SELECTOR = YES;
				GCC_WARN_UNINITIALIZED_AUTOS = YES;
				GCC_WARN_UNUSED_FUNCTION = YES;
				GCC_WARN_UNUSED_VARIABLE = YES;
				IPHONEOS_DEPLOYMENT_TARGET = 7.0;
				ONLY_ACTIVE_ARCH = YES;
				SDKROOT = iphoneos;
			};
			name = Debug;
		};
		33DEDB5018A202B70080B7DA /* Release */ = {
			isa = XCBuildConfiguration;
			buildSettings = {
				ALWAYS_SEARCH_USER_PATHS = NO;
				ARCHS = "$(ARCHS_STANDARD_INCLUDING_64_BIT)";
				CLANG_CXX_LANGUAGE_STANDARD = "gnu++0x";
				CLANG_CXX_LIBRARY = "libc++";
				CLANG_ENABLE_MODULES = YES;
				CLANG_ENABLE_OBJC_ARC = YES;
				CLANG_WARN_BOOL_CONVERSION = YES;
				CLANG_WARN_CONSTANT_CONVERSION = YES;
				CLANG_WARN_DIRECT_OBJC_ISA_USAGE = YES_ERROR;
				CLANG_WARN_EMPTY_BODY = YES;
				CLANG_WARN_ENUM_CONVERSION = YES;
				CLANG_WARN_INT_CONVERSION = YES;
				CLANG_WARN_OBJC_ROOT_CLASS = YES_ERROR;
				CLANG_WARN__DUPLICATE_METHOD_MATCH = YES;
				"CODE_SIGN_IDENTITY[sdk=iphoneos*]" = "iPhone Developer";
				COPY_PHASE_STRIP = YES;
				ENABLE_NS_ASSERTIONS = NO;
				GCC_C_LANGUAGE_STANDARD = gnu99;
				GCC_WARN_64_TO_32_BIT_CONVERSION = YES;
				GCC_WARN_ABOUT_RETURN_TYPE = YES_ERROR;
				GCC_WARN_UNDECLARED_SELECTOR = YES;
				GCC_WARN_UNINITIALIZED_AUTOS = YES;
				GCC_WARN_UNUSED_FUNCTION = YES;
				GCC_WARN_UNUSED_VARIABLE = YES;
				IPHONEOS_DEPLOYMENT_TARGET = 7.0;
				SDKROOT = iphoneos;
				VALIDATE_PRODUCT = YES;
			};
			name = Release;
		};
		33DEDB5218A202B70080B7DA /* Debug */ = {
			isa = XCBuildConfiguration;
			buildSettings = {
				ASSETCATALOG_COMPILER_APPICON_NAME = AppIcon;
				ASSETCATALOG_COMPILER_LAUNCHIMAGE_NAME = LaunchImage;
				"CODE_SIGN_IDENTITY[sdk=iphoneos*]" = "";
				GCC_PRECOMPILE_PREFIX_HEADER = YES;
				GCC_PREFIX_HEADER = "GravitySnaps/GravitySnaps-Prefix.pch";
				INFOPLIST_FILE = "GravitySnaps/GravitySnaps-Info.plist";
				PRODUCT_NAME = "$(TARGET_NAME)";
				WRAPPER_EXTENSION = app;
			};
			name = Debug;
		};
		33DEDB5318A202B70080B7DA /* Release */ = {
			isa = XCBuildConfiguration;
			buildSettings = {
				ASSETCATALOG_COMPILER_APPICON_NAME = AppIcon;
				ASSETCATALOG_COMPILER_LAUNCHIMAGE_NAME = LaunchImage;
				"CODE_SIGN_IDENTITY[sdk=iphoneos*]" = "";
				GCC_PRECOMPILE_PREFIX_HEADER = YES;
				GCC_PREFIX_HEADER = "GravitySnaps/GravitySnaps-Prefix.pch";
				INFOPLIST_FILE = "GravitySnaps/GravitySnaps-Info.plist";
				PRODUCT_NAME = "$(TARGET_NAME)";
				WRAPPER_EXTENSION = app;
			};
			name = Release;
		};
		33DEDB5518A202B70080B7DA /* Debug */ = {
			isa = XCBuildConfiguration;
			buildSettings = {
				ARCHS = "$(ARCHS_STANDARD_INCLUDING_64_BIT)";
				BUNDLE_LOADER = "$(BUILT_PRODUCTS_DIR)/GravitySnaps.app/GravitySnaps";
				FRAMEWORK_SEARCH_PATHS = (
					"$(SDKROOT)/Developer/Library/Frameworks",
					"$(inherited)",
					"$(DEVELOPER_FRAMEWORKS_DIR)",
				);
				GCC_PRECOMPILE_PREFIX_HEADER = YES;
				GCC_PREFIX_HEADER = "GravitySnaps/GravitySnaps-Prefix.pch";
				GCC_PREPROCESSOR_DEFINITIONS = (
					"DEBUG=1",
					"$(inherited)",
				);
				INFOPLIST_FILE = "GravitySnapsTests/GravitySnapsTests-Info.plist";
				PRODUCT_NAME = "$(TARGET_NAME)";
				TEST_HOST = "$(BUNDLE_LOADER)";
				WRAPPER_EXTENSION = xctest;
			};
			name = Debug;
		};
		33DEDB5618A202B70080B7DA /* Release */ = {
			isa = XCBuildConfiguration;
			buildSettings = {
				ARCHS = "$(ARCHS_STANDARD_INCLUDING_64_BIT)";
				BUNDLE_LOADER = "$(BUILT_PRODUCTS_DIR)/GravitySnaps.app/GravitySnaps";
				FRAMEWORK_SEARCH_PATHS = (
					"$(SDKROOT)/Developer/Library/Frameworks",
					"$(inherited)",
					"$(DEVELOPER_FRAMEWORKS_DIR)",
				);
				GCC_PRECOMPILE_PREFIX_HEADER = YES;
				GCC_PREFIX_HEADER = "GravitySnaps/GravitySnaps-Prefix.pch";
				INFOPLIST_FILE = "GravitySnapsTests/GravitySnapsTests-Info.plist";
				PRODUCT_NAME = "$(TARGET_NAME)";
				TEST_HOST = "$(BUNDLE_LOADER)";
				WRAPPER_EXTENSION = xctest;
			};
			name = Release;
		};
/* End XCBuildConfiguration section */

/* Begin XCConfigurationList section */
		33DEDB1A18A202B70080B7DA /* Build configuration list for PBXProject "GravitySnaps" */ = {
			isa = XCConfigurationList;
			buildConfigurations = (
				33DEDB4F18A202B70080B7DA /* Debug */,
				33DEDB5018A202B70080B7DA /* Release */,
			);
			defaultConfigurationIsVisible = 0;
			defaultConfigurationName = Release;
		};
		33DEDB5118A202B70080B7DA /* Build configuration list for PBXNativeTarget "GravitySnaps" */ = {
			isa = XCConfigurationList;
			buildConfigurations = (
				33DEDB5218A202B70080B7DA /* Debug */,
				33DEDB5318A202B70080B7DA /* Release */,
			);
			defaultConfigurationIsVisible = 0;
			defaultConfigurationName = Release;
		};
		33DEDB5418A202B70080B7DA /* Build configuration list for PBXNativeTarget "GravitySnapsTests" */ = {
			isa = XCConfigurationList;
			buildConfigurations = (
				33DEDB5518A202B70080B7DA /* Debug */,
				33DEDB5618A202B70080B7DA /* Release */,
			);
			defaultConfigurationIsVisible = 0;
			defaultConfigurationName = Release;
		};
/* End XCConfigurationList section */
	};
	rootObject = 33DEDB1718A202B70080B7DA /* Project object */;
}
