// !$*UTF8*$!
{
	archiveVersion = 1;
	classes = {
	};
	objectVersion = 46;
	objects = {

/* Begin PBXBuildFile section */
		3355003C1897541100BD0E2C /* Foundation.framework in Frameworks */ = {isa = PBXBuildFile; fileRef = 3355003B1897541100BD0E2C /* Foundation.framework */; };
		3355003E1897541100BD0E2C /* CoreGraphics.framework in Frameworks */ = {isa = PBXBuildFile; fileRef = 3355003D1897541100BD0E2C /* CoreGraphics.framework */; };
		335500401897541100BD0E2C /* UIKit.framework in Frameworks */ = {isa = PBXBuildFile; fileRef = 3355003F1897541100BD0E2C /* UIKit.framework */; };
		335500461897541100BD0E2C /* InfoPlist.strings in Resources */ = {isa = PBXBuildFile; fileRef = 335500441897541100BD0E2C /* InfoPlist.strings */; };
		335500481897541100BD0E2C /* main.m in Sources */ = {isa = PBXBuildFile; fileRef = 335500471897541100BD0E2C /* main.m */; };
		3355004C1897541100BD0E2C /* AppDelegate.m in Sources */ = {isa = PBXBuildFile; fileRef = 3355004B1897541100BD0E2C /* AppDelegate.m */; };
		3355004F1897541100BD0E2C /* Main.storyboard in Resources */ = {isa = PBXBuildFile; fileRef = 3355004D1897541100BD0E2C /* Main.storyboard */; };
		335500521897541100BD0E2C /* ViewController.m in Sources */ = {isa = PBXBuildFile; fileRef = 335500511897541100BD0E2C /* ViewController.m */; };
		335500541897541100BD0E2C /* Images.xcassets in Resources */ = {isa = PBXBuildFile; fileRef = 335500531897541100BD0E2C /* Images.xcassets */; };
		3355005B1897541100BD0E2C /* XCTest.framework in Frameworks */ = {isa = PBXBuildFile; fileRef = 3355005A1897541100BD0E2C /* XCTest.framework */; };
		3355005C1897541100BD0E2C /* Foundation.framework in Frameworks */ = {isa = PBXBuildFile; fileRef = 3355003B1897541100BD0E2C /* Foundation.framework */; };
		3355005D1897541100BD0E2C /* UIKit.framework in Frameworks */ = {isa = PBXBuildFile; fileRef = 3355003F1897541100BD0E2C /* UIKit.framework */; };
		335500651897541100BD0E2C /* InfoPlist.strings in Resources */ = {isa = PBXBuildFile; fileRef = 335500631897541100BD0E2C /* InfoPlist.strings */; };
		335500671897541100BD0E2C /* CustomCocoaTests.m in Sources */ = {isa = PBXBuildFile; fileRef = 335500661897541100BD0E2C /* CustomCocoaTests.m */; };
		335500721897563B00BD0E2C /* CustomClass.m in Sources */ = {isa = PBXBuildFile; fileRef = 335500711897563B00BD0E2C /* CustomClass.m */; };
/* End PBXBuildFile section */

/* Begin PBXContainerItemProxy section */
		3355005E1897541100BD0E2C /* PBXContainerItemProxy */ = {
			isa = PBXContainerItemProxy;
			containerPortal = 335500301897541100BD0E2C /* Project object */;
			proxyType = 1;
			remoteGlobalIDString = 335500371897541100BD0E2C;
			remoteInfo = CustomCocoa;
		};
/* End PBXContainerItemProxy section */

/* Begin PBXFileReference section */
		335500381897541100BD0E2C /* CustomCocoa.app */ = {isa = PBXFileReference; explicitFileType = wrapper.application; includeInIndex = 0; path = CustomCocoa.app; sourceTree = BUILT_PRODUCTS_DIR; };
		3355003B1897541100BD0E2C /* Foundation.framework */ = {isa = PBXFileReference; lastKnownFileType = wrapper.framework; name = Foundation.framework; path = System/Library/Frameworks/Foundation.framework; sourceTree = SDKROOT; };
		3355003D1897541100BD0E2C /* CoreGraphics.framework */ = {isa = PBXFileReference; lastKnownFileType = wrapper.framework; name = CoreGraphics.framework; path = System/Library/Frameworks/CoreGraphics.framework; sourceTree = SDKROOT; };
		3355003F1897541100BD0E2C /* UIKit.framework */ = {isa = PBXFileReference; lastKnownFileType = wrapper.framework; name = UIKit.framework; path = System/Library/Frameworks/UIKit.framework; sourceTree = SDKROOT; };
		335500431897541100BD0E2C /* CustomCocoa-Info.plist */ = {isa = PBXFileReference; lastKnownFileType = text.plist.xml; path = "CustomCocoa-Info.plist"; sourceTree = "<group>"; };
		335500451897541100BD0E2C /* en */ = {isa = PBXFileReference; lastKnownFileType = text.plist.strings; name = en; path = en.lproj/InfoPlist.strings; sourceTree = "<group>"; };
		335500471897541100BD0E2C /* main.m */ = {isa = PBXFileReference; lastKnownFileType = sourcecode.c.objc; path = main.m; sourceTree = "<group>"; };
		335500491897541100BD0E2C /* CustomCocoa-Prefix.pch */ = {isa = PBXFileReference; lastKnownFileType = sourcecode.c.h; path = "CustomCocoa-Prefix.pch"; sourceTree = "<group>"; };
		3355004A1897541100BD0E2C /* AppDelegate.h */ = {isa = PBXFileReference; lastKnownFileType = sourcecode.c.h; path = AppDelegate.h; sourceTree = "<group>"; };
		3355004B1897541100BD0E2C /* AppDelegate.m */ = {isa = PBXFileReference; lastKnownFileType = sourcecode.c.objc; path = AppDelegate.m; sourceTree = "<group>"; };
		3355004E1897541100BD0E2C /* Base */ = {isa = PBXFileReference; lastKnownFileType = file.storyboard; name = Base; path = Base.lproj/Main.storyboard; sourceTree = "<group>"; };
		335500501897541100BD0E2C /* ViewController.h */ = {isa = PBXFileReference; lastKnownFileType = sourcecode.c.h; path = ViewController.h; sourceTree = "<group>"; };
		335500511897541100BD0E2C /* ViewController.m */ = {isa = PBXFileReference; lastKnownFileType = sourcecode.c.objc; path = ViewController.m; sourceTree = "<group>"; };
		335500531897541100BD0E2C /* Images.xcassets */ = {isa = PBXFileReference; lastKnownFileType = folder.assetcatalog; path = Images.xcassets; sourceTree = "<group>"; };
		335500591897541100BD0E2C /* CustomCocoaTests.xctest */ = {isa = PBXFileReference; explicitFileType = wrapper.cfbundle; includeInIndex = 0; path = CustomCocoaTests.xctest; sourceTree = BUILT_PRODUCTS_DIR; };
		3355005A1897541100BD0E2C /* XCTest.framework */ = {isa = PBXFileReference; lastKnownFileType = wrapper.framework; name = XCTest.framework; path = Library/Frameworks/XCTest.framework; sourceTree = DEVELOPER_DIR; };
		335500621897541100BD0E2C /* CustomCocoaTests-Info.plist */ = {isa = PBXFileReference; lastKnownFileType = text.plist.xml; path = "CustomCocoaTests-Info.plist"; sourceTree = "<group>"; };
		335500641897541100BD0E2C /* en */ = {isa = PBXFileReference; lastKnownFileType = text.plist.strings; name = en; path = en.lproj/InfoPlist.strings; sourceTree = "<group>"; };
		335500661897541100BD0E2C /* CustomCocoaTests.m */ = {isa = PBXFileReference; lastKnownFileType = sourcecode.c.objc; path = CustomCocoaTests.m; sourceTree = "<group>"; };
		335500701897563B00BD0E2C /* CustomClass.h */ = {isa = PBXFileReference; fileEncoding = 4; lastKnownFileType = sourcecode.c.h; path = CustomClass.h; sourceTree = "<group>"; };
		335500711897563B00BD0E2C /* CustomClass.m */ = {isa = PBXFileReference; fileEncoding = 4; lastKnownFileType = sourcecode.c.objc; path = CustomClass.m; sourceTree = "<group>"; };
/* End PBXFileReference section */

/* Begin PBXFrameworksBuildPhase section */
		335500351897541100BD0E2C /* Frameworks */ = {
			isa = PBXFrameworksBuildPhase;
			buildActionMask = 2147483647;
			files = (
				3355003E1897541100BD0E2C /* CoreGraphics.framework in Frameworks */,
				335500401897541100BD0E2C /* UIKit.framework in Frameworks */,
				3355003C1897541100BD0E2C /* Foundation.framework in Frameworks */,
			);
			runOnlyForDeploymentPostprocessing = 0;
		};
		335500561897541100BD0E2C /* Frameworks */ = {
			isa = PBXFrameworksBuildPhase;
			buildActionMask = 2147483647;
			files = (
				3355005B1897541100BD0E2C /* XCTest.framework in Frameworks */,
				3355005D1897541100BD0E2C /* UIKit.framework in Frameworks */,
				3355005C1897541100BD0E2C /* Foundation.framework in Frameworks */,
			);
			runOnlyForDeploymentPostprocessing = 0;
		};
/* End PBXFrameworksBuildPhase section */

/* Begin PBXGroup section */
		3355002F1897541100BD0E2C = {
			isa = PBXGroup;
			children = (
				335500411897541100BD0E2C /* CustomCocoa */,
				335500601897541100BD0E2C /* CustomCocoaTests */,
				3355003A1897541100BD0E2C /* Frameworks */,
				335500391897541100BD0E2C /* Products */,
			);
			sourceTree = "<group>";
		};
		335500391897541100BD0E2C /* Products */ = {
			isa = PBXGroup;
			children = (
				335500381897541100BD0E2C /* CustomCocoa.app */,
				335500591897541100BD0E2C /* CustomCocoaTests.xctest */,
			);
			name = Products;
			sourceTree = "<group>";
		};
		3355003A1897541100BD0E2C /* Frameworks */ = {
			isa = PBXGroup;
			children = (
				3355003B1897541100BD0E2C /* Foundation.framework */,
				3355003D1897541100BD0E2C /* CoreGraphics.framework */,
				3355003F1897541100BD0E2C /* UIKit.framework */,
				3355005A1897541100BD0E2C /* XCTest.framework */,
			);
			name = Frameworks;
			sourceTree = "<group>";
		};
		335500411897541100BD0E2C /* CustomCocoa */ = {
			isa = PBXGroup;
			children = (
				3355004A1897541100BD0E2C /* AppDelegate.h */,
				3355004B1897541100BD0E2C /* AppDelegate.m */,
				335500701897563B00BD0E2C /* CustomClass.h */,
				335500711897563B00BD0E2C /* CustomClass.m */,
				3355004D1897541100BD0E2C /* Main.storyboard */,
				335500501897541100BD0E2C /* ViewController.h */,
				335500511897541100BD0E2C /* ViewController.m */,
				335500531897541100BD0E2C /* Images.xcassets */,
				335500421897541100BD0E2C /* Supporting Files */,
			);
			path = CustomCocoa;
			sourceTree = "<group>";
		};
		335500421897541100BD0E2C /* Supporting Files */ = {
			isa = PBXGroup;
			children = (
				335500431897541100BD0E2C /* CustomCocoa-Info.plist */,
				335500441897541100BD0E2C /* InfoPlist.strings */,
				335500471897541100BD0E2C /* main.m */,
				335500491897541100BD0E2C /* CustomCocoa-Prefix.pch */,
			);
			name = "Supporting Files";
			sourceTree = "<group>";
		};
		335500601897541100BD0E2C /* CustomCocoaTests */ = {
			isa = PBXGroup;
			children = (
				335500661897541100BD0E2C /* CustomCocoaTests.m */,
				335500611897541100BD0E2C /* Supporting Files */,
			);
			path = CustomCocoaTests;
			sourceTree = "<group>";
		};
		335500611897541100BD0E2C /* Supporting Files */ = {
			isa = PBXGroup;
			children = (
				335500621897541100BD0E2C /* CustomCocoaTests-Info.plist */,
				335500631897541100BD0E2C /* InfoPlist.strings */,
			);
			name = "Supporting Files";
			sourceTree = "<group>";
		};
/* End PBXGroup section */

/* Begin PBXNativeTarget section */
		335500371897541100BD0E2C /* CustomCocoa */ = {
			isa = PBXNativeTarget;
			buildConfigurationList = 3355006A1897541100BD0E2C /* Build configuration list for PBXNativeTarget "CustomCocoa" */;
			buildPhases = (
				335500341897541100BD0E2C /* Sources */,
				335500351897541100BD0E2C /* Frameworks */,
				335500361897541100BD0E2C /* Resources */,
			);
			buildRules = (
			);
			dependencies = (
			);
			name = CustomCocoa;
			productName = CustomCocoa;
			productReference = 335500381897541100BD0E2C /* CustomCocoa.app */;
			productType = "com.apple.product-type.application";
		};
		335500581897541100BD0E2C /* CustomCocoaTests */ = {
			isa = PBXNativeTarget;
			buildConfigurationList = 3355006D1897541100BD0E2C /* Build configuration list for PBXNativeTarget "CustomCocoaTests" */;
			buildPhases = (
				335500551897541100BD0E2C /* Sources */,
				335500561897541100BD0E2C /* Frameworks */,
				335500571897541100BD0E2C /* Resources */,
			);
			buildRules = (
			);
			dependencies = (
				3355005F1897541100BD0E2C /* PBXTargetDependency */,
			);
			name = CustomCocoaTests;
			productName = CustomCocoaTests;
			productReference = 335500591897541100BD0E2C /* CustomCocoaTests.xctest */;
			productType = "com.apple.product-type.bundle.unit-test";
		};
/* End PBXNativeTarget section */

/* Begin PBXProject section */
		335500301897541100BD0E2C /* Project object */ = {
			isa = PBXProject;
			attributes = {
				LastUpgradeCheck = 0500;
				ORGANIZATIONNAME = "Tim Nugent";
				TargetAttributes = {
					335500581897541100BD0E2C = {
						TestTargetID = 335500371897541100BD0E2C;
					};
				};
			};
			buildConfigurationList = 335500331897541100BD0E2C /* Build configuration list for PBXProject "CustomCocoa" */;
			compatibilityVersion = "Xcode 3.2";
			developmentRegion = English;
			hasScannedForEncodings = 0;
			knownRegions = (
				en,
				Base,
			);
			mainGroup = 3355002F1897541100BD0E2C;
			productRefGroup = 335500391897541100BD0E2C /* Products */;
			projectDirPath = "";
			projectRoot = "";
			targets = (
				335500371897541100BD0E2C /* CustomCocoa */,
				335500581897541100BD0E2C /* CustomCocoaTests */,
			);
		};
/* End PBXProject section */

/* Begin PBXResourcesBuildPhase section */
		335500361897541100BD0E2C /* Resources */ = {
			isa = PBXResourcesBuildPhase;
			buildActionMask = 2147483647;
			files = (
				335500541897541100BD0E2C /* Images.xcassets in Resources */,
				335500461897541100BD0E2C /* InfoPlist.strings in Resources */,
				3355004F1897541100BD0E2C /* Main.storyboard in Resources */,
			);
			runOnlyForDeploymentPostprocessing = 0;
		};
		335500571897541100BD0E2C /* Resources */ = {
			isa = PBXResourcesBuildPhase;
			buildActionMask = 2147483647;
			files = (
				335500651897541100BD0E2C /* InfoPlist.strings in Resources */,
			);
			runOnlyForDeploymentPostprocessing = 0;
		};
/* End PBXResourcesBuildPhase section */

/* Begin PBXSourcesBuildPhase section */
		335500341897541100BD0E2C /* Sources */ = {
			isa = PBXSourcesBuildPhase;
			buildActionMask = 2147483647;
			files = (
				335500521897541100BD0E2C /* ViewController.m in Sources */,
				335500721897563B00BD0E2C /* CustomClass.m in Sources */,
				3355004C1897541100BD0E2C /* AppDelegate.m in Sources */,
				335500481897541100BD0E2C /* main.m in Sources */,
			);
			runOnlyForDeploymentPostprocessing = 0;
		};
		335500551897541100BD0E2C /* Sources */ = {
			isa = PBXSourcesBuildPhase;
			buildActionMask = 2147483647;
			files = (
				335500671897541100BD0E2C /* CustomCocoaTests.m in Sources */,
			);
			runOnlyForDeploymentPostprocessing = 0;
		};
/* End PBXSourcesBuildPhase section */

/* Begin PBXTargetDependency section */
		3355005F1897541100BD0E2C /* PBXTargetDependency */ = {
			isa = PBXTargetDependency;
			target = 335500371897541100BD0E2C /* CustomCocoa */;
			targetProxy = 3355005E1897541100BD0E2C /* PBXContainerItemProxy */;
		};
/* End PBXTargetDependency section */

/* Begin PBXVariantGroup section */
		335500441897541100BD0E2C /* InfoPlist.strings */ = {
			isa = PBXVariantGroup;
			children = (
				335500451897541100BD0E2C /* en */,
			);
			name = InfoPlist.strings;
			sourceTree = "<group>";
		};
		3355004D1897541100BD0E2C /* Main.storyboard */ = {
			isa = PBXVariantGroup;
			children = (
				3355004E1897541100BD0E2C /* Base */,
			);
			name = Main.storyboard;
			sourceTree = "<group>";
		};
		335500631897541100BD0E2C /* InfoPlist.strings */ = {
			isa = PBXVariantGroup;
			children = (
				335500641897541100BD0E2C /* en */,
			);
			name = InfoPlist.strings;
			sourceTree = "<group>";
		};
/* End PBXVariantGroup section */

/* Begin XCBuildConfiguration section */
		335500681897541100BD0E2C /* Debug */ = {
			isa = XCBuildConfiguration;
			buildSettings = {
				ALWAYS_SEARCH_USER_PATHS = NO;
				ARCHS = "$(ARCHS_STANDARD_INCLUDING_64_BIT)";
				CLANG_CXX_LANGUAGE_STANDARD = "gnu++0x";
				CLANG_CXX_LIBRARY = "libc++";
				CLANG_ENABLE_MODULES = YES;
				CLANG_ENABLE_OBJC_ARC = YES;
				CLANG_WARN_BOOL_CONVERSION = YES;
				CLANG_WARN_CONSTANT_CONVERSION = YES;
				CLANG_WARN_DIRECT_OBJC_ISA_USAGE = YES_ERROR;
				CLANG_WARN_EMPTY_BODY = YES;
				CLANG_WARN_ENUM_CONVERSION = YES;
				CLANG_WARN_INT_CONVERSION = YES;
				CLANG_WARN_OBJC_ROOT_CLASS = YES_ERROR;
				CLANG_WARN__DUPLICATE_METHOD_MATCH = YES;
				"CODE_SIGN_IDENTITY[sdk=iphoneos*]" = "iPhone Developer";
				COPY_PHASE_STRIP = NO;
				GCC_C_LANGUAGE_STANDARD = gnu99;
				GCC_DYNAMIC_NO_PIC = NO;
				GCC_OPTIMIZATION_LEVEL = 0;
				GCC_PREPROCESSOR_DEFINITIONS = (
					"DEBUG=1",
					"$(inherited)",
				);
				GCC_SYMBOLS_PRIVATE_EXTERN = NO;
				GCC_WARN_64_TO_32_BIT_CONVERSION = YES;
				GCC_WARN_ABOUT_RETURN_TYPE = YES_ERROR;
				GCC_WARN_UNDECLARED_SELECTOR = YES;
				GCC_WARN_UNINITIALIZED_AUTOS = YES;
				GCC_WARN_UNUSED_FUNCTION = YES;
				GCC_WARN_UNUSED_VARIABLE = YES;
				IPHONEOS_DEPLOYMENT_TARGET = 7.0;
				ONLY_ACTIVE_ARCH = YES;
				SDKROOT = iphoneos;
			};
			name = Debug;
		};
		335500691897541100BD0E2C /* Release */ = {
			isa = XCBuildConfiguration;
			buildSettings = {
				ALWAYS_SEARCH_USER_PATHS = NO;
				ARCHS = "$(ARCHS_STANDARD_INCLUDING_64_BIT)";
				CLANG_CXX_LANGUAGE_STANDARD = "gnu++0x";
				CLANG_CXX_LIBRARY = "libc++";
				CLANG_ENABLE_MODULES = YES;
				CLANG_ENABLE_OBJC_ARC = YES;
				CLANG_WARN_BOOL_CONVERSION = YES;
				CLANG_WARN_CONSTANT_CONVERSION = YES;
				CLANG_WARN_DIRECT_OBJC_ISA_USAGE = YES_ERROR;
				CLANG_WARN_EMPTY_BODY = YES;
				CLANG_WARN_ENUM_CONVERSION = YES;
				CLANG_WARN_INT_CONVERSION = YES;
				CLANG_WARN_OBJC_ROOT_CLASS = YES_ERROR;
				CLANG_WARN__DUPLICATE_METHOD_MATCH = YES;
				"CODE_SIGN_IDENTITY[sdk=iphoneos*]" = "iPhone Developer";
				COPY_PHASE_STRIP = YES;
				ENABLE_NS_ASSERTIONS = NO;
				GCC_C_LANGUAGE_STANDARD = gnu99;
				GCC_WARN_64_TO_32_BIT_CONVERSION = YES;
				GCC_WARN_ABOUT_RETURN_TYPE = YES_ERROR;
				GCC_WARN_UNDECLARED_SELECTOR = YES;
				GCC_WARN_UNINITIALIZED_AUTOS = YES;
				GCC_WARN_UNUSED_FUNCTION = YES;
				GCC_WARN_UNUSED_VARIABLE = YES;
				IPHONEOS_DEPLOYMENT_TARGET = 7.0;
				SDKROOT = iphoneos;
				VALIDATE_PRODUCT = YES;
			};
			name = Release;
		};
		3355006B1897541100BD0E2C /* Debug */ = {
			isa = XCBuildConfiguration;
			buildSettings = {
				ASSETCATALOG_COMPILER_APPICON_NAME = AppIcon;
				ASSETCATALOG_COMPILER_LAUNCHIMAGE_NAME = LaunchImage;
				CODE_SIGN_IDENTITY = "iPhone Developer";
				GCC_PRECOMPILE_PREFIX_HEADER = YES;
				GCC_PREFIX_HEADER = "CustomCocoa/CustomCocoa-Prefix.pch";
				INFOPLIST_FILE = "CustomCocoa/CustomCocoa-Info.plist";
				PRODUCT_NAME = "$(TARGET_NAME)";
				WRAPPER_EXTENSION = app;
			};
			name = Debug;
		};
		3355006C1897541100BD0E2C /* Release */ = {
			isa = XCBuildConfiguration;
			buildSettings = {
				ASSETCATALOG_COMPILER_APPICON_NAME = AppIcon;
				ASSETCATALOG_COMPILER_LAUNCHIMAGE_NAME = LaunchImage;
				CODE_SIGN_IDENTITY = "iPhone Developer";
				GCC_PRECOMPILE_PREFIX_HEADER = YES;
				GCC_PREFIX_HEADER = "CustomCocoa/CustomCocoa-Prefix.pch";
				INFOPLIST_FILE = "CustomCocoa/CustomCocoa-Info.plist";
				PRODUCT_NAME = "$(TARGET_NAME)";
				WRAPPER_EXTENSION = app;
			};
			name = Release;
		};
		3355006E1897541100BD0E2C /* Debug */ = {
			isa = XCBuildConfiguration;
			buildSettings = {
				ARCHS = "$(ARCHS_STANDARD_INCLUDING_64_BIT)";
				BUNDLE_LOADER = "$(BUILT_PRODUCTS_DIR)/CustomCocoa.app/CustomCocoa";
				FRAMEWORK_SEARCH_PATHS = (
					"$(SDKROOT)/Developer/Library/Frameworks",
					"$(inherited)",
					"$(DEVELOPER_FRAMEWORKS_DIR)",
				);
				GCC_PRECOMPILE_PREFIX_HEADER = YES;
				GCC_PREFIX_HEADER = "CustomCocoa/CustomCocoa-Prefix.pch";
				GCC_PREPROCESSOR_DEFINITIONS = (
					"DEBUG=1",
					"$(inherited)",
				);
				INFOPLIST_FILE = "CustomCocoaTests/CustomCocoaTests-Info.plist";
				PRODUCT_NAME = "$(TARGET_NAME)";
				TEST_HOST = "$(BUNDLE_LOADER)";
				WRAPPER_EXTENSION = xctest;
			};
			name = Debug;
		};
		3355006F1897541100BD0E2C /* Release */ = {
			isa = XCBuildConfiguration;
			buildSettings = {
				ARCHS = "$(ARCHS_STANDARD_INCLUDING_64_BIT)";
				BUNDLE_LOADER = "$(BUILT_PRODUCTS_DIR)/CustomCocoa.app/CustomCocoa";
				FRAMEWORK_SEARCH_PATHS = (
					"$(SDKROOT)/Developer/Library/Frameworks",
					"$(inherited)",
					"$(DEVELOPER_FRAMEWORKS_DIR)",
				);
				GCC_PRECOMPILE_PREFIX_HEADER = YES;
				GCC_PREFIX_HEADER = "CustomCocoa/CustomCocoa-Prefix.pch";
				INFOPLIST_FILE = "CustomCocoaTests/CustomCocoaTests-Info.plist";
				PRODUCT_NAME = "$(TARGET_NAME)";
				TEST_HOST = "$(BUNDLE_LOADER)";
				WRAPPER_EXTENSION = xctest;
			};
			name = Release;
		};
/* End XCBuildConfiguration section */

/* Begin XCConfigurationList section */
		335500331897541100BD0E2C /* Build configuration list for PBXProject "CustomCocoa" */ = {
			isa = XCConfigurationList;
			buildConfigurations = (
				335500681897541100BD0E2C /* Debug */,
				335500691897541100BD0E2C /* Release */,
			);
			defaultConfigurationIsVisible = 0;
			defaultConfigurationName = Release;
		};
		3355006A1897541100BD0E2C /* Build configuration list for PBXNativeTarget "CustomCocoa" */ = {
			isa = XCConfigurationList;
			buildConfigurations = (
				3355006B1897541100BD0E2C /* Debug */,
				3355006C1897541100BD0E2C /* Release */,
			);
			defaultConfigurationIsVisible = 0;
			defaultConfigurationName = Release;
		};
		3355006D1897541100BD0E2C /* Build configuration list for PBXNativeTarget "CustomCocoaTests" */ = {
			isa = XCConfigurationList;
			buildConfigurations = (
				3355006E1897541100BD0E2C /* Debug */,
				3355006F1897541100BD0E2C /* Release */,
			);
			defaultConfigurationIsVisible = 0;
			defaultConfigurationName = Release;
		};
/* End XCConfigurationList section */
	};
	rootObject = 335500301897541100BD0E2C /* Project object */;
}
